Microsoft Visual Studio Solution File, Format Version 12.00
# Visual Studio Version 17
VisualStudioVersion = 17.0.31903.59
MinimumVisualStudioVersion = 10.0.40219.1
Project("{FAE04EC0-301F-11D3-BF4B-00C04F79EFBC}") = "DetMath", "src\DetMath\DetMath.csproj", "{A5D53D0D-4C61-4D2B-83C4-2B1C71F48D91}"
EndProject
Project("{FAE04EC0-301F-11D3-BF4B-00C04F79EFBC}") = "DetMath.Tests", "tests\DetMath.Tests\DetMath.Tests.csproj", "{36B7806F-0EA9-45AD-B038-4EE7D9B878A1}"
EndProject
Global
	GlobalSection(SolutionConfigurationPlatforms) = preSolution
		Debug|Any CPU = Debug|Any CPU
		Release|Any CPU = Release|Any CPU
	EndGlobalSection
	GlobalSection(ProjectConfigurationPlatforms) = postSolution
		{A5D53D0D-4C61-4D2B-83C4-2B1C71F48D91}.Debug|Any CPU.ActiveCfg = Debug|Any CPU
		{A5D53D0D-4C61-4D2B-83C4-2B1C71F48D91}.Debug|Any CPU.Build.0 = Debug|Any CPU
		{A5D53D0D-4C61-4D2B-83C4-2B1C71F48D91}.Release|Any CPU.ActiveCfg = Release|Any CPU
		{A5D53D0D-4C61-4D2B-83C4-2B1C71F48D91}.Release|Any CPU.Build.0 = Release|Any CPU
		{36B7806F-0EA9-45AD-B038-4EE7D9B878A1}.Debug|Any CPU.ActiveCfg = Debug|Any CPU
		{36B7806F-0EA9-45AD-B038-4EE7D9B878A1}.Debug|Any CPU.Build.0 = Debug|Any CPU
		{36B7806F-0EA9-45AD-B038-4EE7D9B878A1}.Release|Any CPU.ActiveCfg = Release|Any CPU
		{36B7806F-0EA9-45AD-B038-4EE7D9B878A1}.Release|Any CPU.Build.0 = Release|Any CPU
	EndGlobalSection
	GlobalSection(SolutionProperties) = preSolution
		HideSolutionNode = FALSE
	EndGlobalSection
EndGlobal

